
Microsoft Visual Studio Solution File, Format Version 12.00
# Visual Studio Version 17
VisualStudioVersion = 17.14.36623.8
MinimumVisualStudioVersion = 10.0.40219.1
Project("{2150E333-8FDC-42A3-9474-1A3956D46DE8}") = "Task0", "Task0", "{02EA681E-C7D8-13C7-8484-4AC65E1B71E8}"
EndProject
Project("{FAE04EC0-301F-11D3-BF4B-00C04F79EFBC}") = "Tyuiu.RagozinaAD.Sprint6.Task0.V4.Lib", "Tyuiu.RagozinaAD.Sprint6.Task0.V4.Lib\Tyuiu.RagozinaAD.Sprint6.Task0.V4.Lib.csproj", "{B6771A16-4C59-4181-B369-54E1F50107C5}"
EndProject
Project("{FAE04EC0-301F-11D3-BF4B-00C04F79EFBC}") = "Tyuiu.RagozinaAD.Sprint6.Task0.V4.Test", "Tyuiu.RagozinaAD.Sprint6.Task0.V4.Test\Tyuiu.RagozinaAD.Sprint6.Task0.V4.Test.csproj", "{F773036A-5DAE-4E1E-8006-6F472FA674C2}"
EndProject
Project("{FAE04EC0-301F-11D3-BF4B-00C04F79EFBC}") = "Tyuiu.RagozinaAD.Sprint6.Task0.V4", "Tyuiu.RagozinaAD.Sprint6.Task0.V4\Tyuiu.RagozinaAD.Sprint6.Task0.V4.csproj", "{DFCD2163-C23B-4100-9D67-E1FDA827CC24}"
EndProject
Project("{2150E333-8FDC-42A3-9474-1A3956D46DE8}") = "Task1", "Task1", "{8B78C675-17ED-43E6-AD5D-930C917FC373}"
EndProject
Project("{FAE04EC0-301F-11D3-BF4B-00C04F79EFBC}") = "Tyuiu.RagozinaAD.Sprint6.Task1.V26.Lib", "Tyuiu.RagozinaAD.Sprint6.Task1.V26.Lib\Tyuiu.RagozinaAD.Sprint6.Task1.V26.Lib.csproj", "{2E5FFF30-3668-4AC0-A4A5-5A6FB8E94AF2}"
EndProject
Project("{FAE04EC0-301F-11D3-BF4B-00C04F79EFBC}") = "Tyuiu.RagozinaAD.Sprint6.Task1.V26.Test", "Tyuiu.RagozinaAD.Sprint6.Task1.V26.Test\Tyuiu.RagozinaAD.Sprint6.Task1.V26.Test.csproj", "{8BF1AD4B-59FF-4772-939A-9B76705512F8}"
EndProject
Project("{FAE04EC0-301F-11D3-BF4B-00C04F79EFBC}") = "Tyuiu.RagozinaAD.Sprint6.Task1.V26", "Tyuiu.RagozinaAD.Sprint6.Task1.V26\Tyuiu.RagozinaAD.Sprint6.Task1.V26.csproj", "{AA10D1CE-9358-4B96-AC15-E9758D78E5ED}"
EndProject
Project("{2150E333-8FDC-42A3-9474-1A3956D46DE8}") = "Task2", "Task2", "{E6A5401F-C0EA-4AB4-9A19-97D6EB5F265C}"
EndProject
Project("{FAE04EC0-301F-11D3-BF4B-00C04F79EFBC}") = "Tyuiu.RagozinaAD.Sprint6.Task2.V6.Lib", "Tyuiu.RagozinaAD.Sprint6.Task2.V6.Lib\Tyuiu.RagozinaAD.Sprint6.Task2.V6.Lib.csproj", "{5B3706A8-264F-4405-9774-8AFEA3D5AB8B}"
EndProject
Project("{FAE04EC0-301F-11D3-BF4B-00C04F79EFBC}") = "Tyuiu.RagozinaAD.Sprint6.Task2.V6.Test", "Tyuiu.RagozinaAD.Sprint6.Task2.V6.Test\Tyuiu.RagozinaAD.Sprint6.Task2.V6.Test.csproj", "{181910C8-1BA8-42E0-A1FF-98C58A1F2DD2}"
EndProject
Project("{FAE04EC0-301F-11D3-BF4B-00C04F79EFBC}") = "Tyuiu.RagozinaAD.Sprint6.Task2.V6", "Tyuiu.RagozinaAD.Sprint6.Task2.V6\Tyuiu.RagozinaAD.Sprint6.Task2.V6.csproj", "{9D46D544-2C9C-4878-9837-C5B3B71F4BD9}"
EndProject
Project("{2150E333-8FDC-42A3-9474-1A3956D46DE8}") = "Task3", "Task3", "{3D6557F4-1195-441E-8DA1-FB0E8AB78C24}"
EndProject
Project("{FAE04EC0-301F-11D3-BF4B-00C04F79EFBC}") = "Tyuiu.RagozinaAD.Sprint6.Task3.V29.Lib", "Tyuiu.RagozinaAD.Sprint6.Task3.V29.Lib\Tyuiu.RagozinaAD.Sprint6.Task3.V29.Lib.csproj", "{2E2EFC1C-36C1-49F3-B964-295441B72E27}"
EndProject
Project("{FAE04EC0-301F-11D3-BF4B-00C04F79EFBC}") = "Tyuiu.RagozinaAD.Sprint6.Task3.V29.Test", "Tyuiu.RagozinaAD.Sprint6.Task3.V29.Test\Tyuiu.RagozinaAD.Sprint6.Task3.V29.Test.csproj", "{F8B84744-CD2B-4878-A827-8D31E9899B78}"
EndProject
Project("{FAE04EC0-301F-11D3-BF4B-00C04F79EFBC}") = "Tyuiu.RagozinaAD.Sprint6.Task3.V29", "Tyuiu.RagozinaAD.Sprint6.Task3.V29\Tyuiu.RagozinaAD.Sprint6.Task3.V29.csproj", "{F94BEDA6-74A4-47C0-8E69-B27F694FFE6D}"
EndProject
Project("{2150E333-8FDC-42A3-9474-1A3956D46DE8}") = "Task4", "Task4", "{FD682BA7-99AD-4887-BB0E-A3791A3DFE4B}"
EndProject
Project("{FAE04EC0-301F-11D3-BF4B-00C04F79EFBC}") = "Tyuiu.RagozinaAD.Sprint6.Task4.V1.Lib", "Tyuiu.RagozinaAD.Sprint6.Task4.V1.Lib\Tyuiu.RagozinaAD.Sprint6.Task4.V1.Lib.csproj", "{40A7A04A-634F-479A-9F3C-3A19FE9DC6FC}"
EndProject
Project("{FAE04EC0-301F-11D3-BF4B-00C04F79EFBC}") = "Tyuiu.RagozinaAD.Sprint6.Task4.V1.Test", "Tyuiu.RagozinaAD.Sprint6.Task4.V1.Test\Tyuiu.RagozinaAD.Sprint6.Task4.V1.Test.csproj", "{7320592D-CAE4-425C-9098-B01DAB4CA82F}"
EndProject
Project("{FAE04EC0-301F-11D3-BF4B-00C04F79EFBC}") = "Tyuiu.RagozinaAD.Sprint6.Task4.V1", "Tyuiu.RagozinaAD.Sprint6.Task4.V1\Tyuiu.RagozinaAD.Sprint6.Task4.V1.csproj", "{9EEBCBC7-796C-44F1-B1A0-7C9BBDFFC4E5}"
EndProject
Project("{2150E333-8FDC-42A3-9474-1A3956D46DE8}") = "Task5", "Task5", "{96E10CBC-FD9F-4CC4-A86D-DC6542251664}"
EndProject
Project("{FAE04EC0-301F-11D3-BF4B-00C04F79EFBC}") = "Tyuiu.RagozinaAD.Sprint6.Task5.V22.Lib", "Tyuiu.RagozinaAD.Sprint6.Task5.V22.Lib\Tyuiu.RagozinaAD.Sprint6.Task5.V22.Lib.csproj", "{3C28C893-D015-48F5-86E6-2120DFB61531}"
EndProject
Project("{FAE04EC0-301F-11D3-BF4B-00C04F79EFBC}") = "Tyuiu.RagozinaAD.Sprint6.Task5.V22.Test", "Tyuiu.RagozinaAD.Sprint6.Task5.V22.Test\Tyuiu.RagozinaAD.Sprint6.Task5.V22.Test.csproj", "{2B057596-07A4-4EC7-B1E6-96D63B1577F3}"
EndProject
Project("{FAE04EC0-301F-11D3-BF4B-00C04F79EFBC}") = "Tyuiu.RagozinaAD.Sprint6.Task5.V22", "Tyuiu.RagozinaAD.Sprint6.Task5.V22\Tyuiu.RagozinaAD.Sprint6.Task5.V22.csproj", "{5F206269-6A31-414A-93B5-964D84653513}"
EndProject
Global
	GlobalSection(SolutionConfigurationPlatforms) = preSolution
		Debug|Any CPU = Debug|Any CPU
		Release|Any CPU = Release|Any CPU
	EndGlobalSection
	GlobalSection(ProjectConfigurationPlatforms) = postSolution
		{B6771A16-4C59-4181-B369-54E1F50107C5}.Debug|Any CPU.ActiveCfg = Debug|Any CPU
		{B6771A16-4C59-4181-B369-54E1F50107C5}.Debug|Any CPU.Build.0 = Debug|Any CPU
		{B6771A16-4C59-4181-B369-54E1F50107C5}.Release|Any CPU.ActiveCfg = Release|Any CPU
		{B6771A16-4C59-4181-B369-54E1F50107C5}.Release|Any CPU.Build.0 = Release|Any CPU
		{F773036A-5DAE-4E1E-8006-6F472FA674C2}.Debug|Any CPU.ActiveCfg = Debug|Any CPU
		{F773036A-5DAE-4E1E-8006-6F472FA674C2}.Debug|Any CPU.Build.0 = Debug|Any CPU
		{F773036A-5DAE-4E1E-8006-6F472FA674C2}.Release|Any CPU.ActiveCfg = Release|Any CPU
		{F773036A-5DAE-4E1E-8006-6F472FA674C2}.Release|Any CPU.Build.0 = Release|Any CPU
		{DFCD2163-C23B-4100-9D67-E1FDA827CC24}.Debug|Any CPU.ActiveCfg = Debug|Any CPU
		{DFCD2163-C23B-4100-9D67-E1FDA827CC24}.Debug|Any CPU.Build.0 = Debug|Any CPU
		{DFCD2163-C23B-4100-9D67-E1FDA827CC24}.Release|Any CPU.ActiveCfg = Release|Any CPU
		{DFCD2163-C23B-4100-9D67-E1FDA827CC24}.Release|Any CPU.Build.0 = Release|Any CPU
		{2E5FFF30-3668-4AC0-A4A5-5A6FB8E94AF2}.Debug|Any CPU.ActiveCfg = Debug|Any CPU
		{2E5FFF30-3668-4AC0-A4A5-5A6FB8E94AF2}.Debug|Any CPU.Build.0 = Debug|Any CPU
		{2E5FFF30-3668-4AC0-A4A5-5A6FB8E94AF2}.Release|Any CPU.ActiveCfg = Release|Any CPU
		{2E5FFF30-3668-4AC0-A4A5-5A6FB8E94AF2}.Release|Any CPU.Build.0 = Release|Any CPU
		{8BF1AD4B-59FF-4772-939A-9B76705512F8}.Debug|Any CPU.ActiveCfg = Debug|Any CPU
		{8BF1AD4B-59FF-4772-939A-9B76705512F8}.Debug|Any CPU.Build.0 = Debug|Any CPU
		{8BF1AD4B-59FF-4772-939A-9B76705512F8}.Release|Any CPU.ActiveCfg = Release|Any CPU
		{8BF1AD4B-59FF-4772-939A-9B76705512F8}.Release|Any CPU.Build.0 = Release|Any CPU
		{AA10D1CE-9358-4B96-AC15-E9758D78E5ED}.Debug|Any CPU.ActiveCfg = Debug|Any CPU
		{AA10D1CE-9358-4B96-AC15-E9758D78E5ED}.Debug|Any CPU.Build.0 = Debug|Any CPU
		{AA10D1CE-9358-4B96-AC15-E9758D78E5ED}.Release|Any CPU.ActiveCfg = Release|Any CPU
		{AA10D1CE-9358-4B96-AC15-E9758D78E5ED}.Release|Any CPU.Build.0 = Release|Any CPU
		{5B3706A8-264F-4405-9774-8AFEA3D5AB8B}.Debug|Any CPU.ActiveCfg = Debug|Any CPU
		{5B3706A8-264F-4405-9774-8AFEA3D5AB8B}.Debug|Any CPU.Build.0 = Debug|Any CPU
		{5B3706A8-264F-4405-9774-8AFEA3D5AB8B}.Release|Any CPU.ActiveCfg = Release|Any CPU
		{5B3706A8-264F-4405-9774-8AFEA3D5AB8B}.Release|Any CPU.Build.0 = Release|Any CPU
		{181910C8-1BA8-42E0-A1FF-98C58A1F2DD2}.Debug|Any CPU.ActiveCfg = Debug|Any CPU
		{181910C8-1BA8-42E0-A1FF-98C58A1F2DD2}.Debug|Any CPU.Build.0 = Debug|Any CPU
		{181910C8-1BA8-42E0-A1FF-98C58A1F2DD2}.Release|Any CPU.ActiveCfg = Release|Any CPU
		{181910C8-1BA8-42E0-A1FF-98C58A1F2DD2}.Release|Any CPU.Build.0 = Release|Any CPU
		{9D46D544-2C9C-4878-9837-C5B3B71F4BD9}.Debug|Any CPU.ActiveCfg = Debug|Any CPU
		{9D46D544-2C9C-4878-9837-C5B3B71F4BD9}.Debug|Any CPU.Build.0 = Debug|Any CPU
		{9D46D544-2C9C-4878-9837-C5B3B71F4BD9}.Release|Any CPU.ActiveCfg = Release|Any CPU
		{9D46D544-2C9C-4878-9837-C5B3B71F4BD9}.Release|Any CPU.Build.0 = Release|Any CPU
		{2E2EFC1C-36C1-49F3-B964-295441B72E27}.Debug|Any CPU.ActiveCfg = Debug|Any CPU
		{2E2EFC1C-36C1-49F3-B964-295441B72E27}.Debug|Any CPU.Build.0 = Debug|Any CPU
		{2E2EFC1C-36C1-49F3-B964-295441B72E27}.Release|Any CPU.ActiveCfg = Release|Any CPU
		{2E2EFC1C-36C1-49F3-B964-295441B72E27}.Release|Any CPU.Build.0 = Release|Any CPU
		{F8B84744-CD2B-4878-A827-8D31E9899B78}.Debug|Any CPU.ActiveCfg = Debug|Any CPU
		{F8B84744-CD2B-4878-A827-8D31E9899B78}.Debug|Any CPU.Build.0 = Debug|Any CPU
		{F8B84744-CD2B-4878-A827-8D31E9899B78}.Release|Any CPU.ActiveCfg = Release|Any CPU
		{F8B84744-CD2B-4878-A827-8D31E9899B78}.Release|Any CPU.Build.0 = Release|Any CPU
		{F94BEDA6-74A4-47C0-8E69-B27F694FFE6D}.Debug|Any CPU.ActiveCfg = Debug|Any CPU
		{F94BEDA6-74A4-47C0-8E69-B27F694FFE6D}.Debug|Any CPU.Build.0 = Debug|Any CPU
		{F94BEDA6-74A4-47C0-8E69-B27F694FFE6D}.Release|Any CPU.ActiveCfg = Release|Any CPU
		{F94BEDA6-74A4-47C0-8E69-B27F694FFE6D}.Release|Any CPU.Build.0 = Release|Any CPU
		{40A7A04A-634F-479A-9F3C-3A19FE9DC6FC}.Debug|Any CPU.ActiveCfg = Debug|Any CPU
		{40A7A04A-634F-479A-9F3C-3A19FE9DC6FC}.Debug|Any CPU.Build.0 = Debug|Any CPU
		{40A7A04A-634F-479A-9F3C-3A19FE9DC6FC}.Release|Any CPU.ActiveCfg = Release|Any CPU
		{40A7A04A-634F-479A-9F3C-3A19FE9DC6FC}.Release|Any CPU.Build.0 = Release|Any CPU
		{7320592D-CAE4-425C-9098-B01DAB4CA82F}.Debug|Any CPU.ActiveCfg = Debug|Any CPU
		{7320592D-CAE4-425C-9098-B01DAB4CA82F}.Debug|Any CPU.Build.0 = Debug|Any CPU
		{7320592D-CAE4-425C-9098-B01DAB4CA82F}.Release|Any CPU.ActiveCfg = Release|Any CPU
		{7320592D-CAE4-425C-9098-B01DAB4CA82F}.Release|Any CPU.Build.0 = Release|Any CPU
		{9EEBCBC7-796C-44F1-B1A0-7C9BBDFFC4E5}.Debug|Any CPU.ActiveCfg = Debug|Any CPU
		{9EEBCBC7-796C-44F1-B1A0-7C9BBDFFC4E5}.Debug|Any CPU.Build.0 = Debug|Any CPU
		{9EEBCBC7-796C-44F1-B1A0-7C9BBDFFC4E5}.Release|Any CPU.ActiveCfg = Release|Any CPU
		{9EEBCBC7-796C-44F1-B1A0-7C9BBDFFC4E5}.Release|Any CPU.Build.0 = Release|Any CPU
		{3C28C893-D015-48F5-86E6-2120DFB61531}.Debug|Any CPU.ActiveCfg = Debug|Any CPU
		{3C28C893-D015-48F5-86E6-2120DFB61531}.Debug|Any CPU.Build.0 = Debug|Any CPU
		{3C28C893-D015-48F5-86E6-2120DFB61531}.Release|Any CPU.ActiveCfg = Release|Any CPU
		{3C28C893-D015-48F5-86E6-2120DFB61531}.Release|Any CPU.Build.0 = Release|Any CPU
		{2B057596-07A4-4EC7-B1E6-96D63B1577F3}.Debug|Any CPU.ActiveCfg = Debug|Any CPU
		{2B057596-07A4-4EC7-B1E6-96D63B1577F3}.Debug|Any CPU.Build.0 = Debug|Any CPU
		{2B057596-07A4-4EC7-B1E6-96D63B1577F3}.Release|Any CPU.ActiveCfg = Release|Any CPU
		{2B057596-07A4-4EC7-B1E6-96D63B1577F3}.Release|Any CPU.Build.0 = Release|Any CPU
		{5F206269-6A31-414A-93B5-964D84653513}.Debug|Any CPU.ActiveCfg = Debug|Any CPU
		{5F206269-6A31-414A-93B5-964D84653513}.Debug|Any CPU.Build.0 = Debug|Any CPU
		{5F206269-6A31-414A-93B5-964D84653513}.Release|Any CPU.ActiveCfg = Release|Any CPU
		{5F206269-6A31-414A-93B5-964D84653513}.Release|Any CPU.Build.0 = Release|Any CPU
	EndGlobalSection
	GlobalSection(SolutionProperties) = preSolution
		HideSolutionNode = FALSE
	EndGlobalSection
	GlobalSection(NestedProjects) = preSolution
		{B6771A16-4C59-4181-B369-54E1F50107C5} = {02EA681E-C7D8-13C7-8484-4AC65E1B71E8}
		{F773036A-5DAE-4E1E-8006-6F472FA674C2} = {02EA681E-C7D8-13C7-8484-4AC65E1B71E8}
		{DFCD2163-C23B-4100-9D67-E1FDA827CC24} = {02EA681E-C7D8-13C7-8484-4AC65E1B71E8}
		{2E5FFF30-3668-4AC0-A4A5-5A6FB8E94AF2} = {8B78C675-17ED-43E6-AD5D-930C917FC373}
		{8BF1AD4B-59FF-4772-939A-9B76705512F8} = {8B78C675-17ED-43E6-AD5D-930C917FC373}
		{AA10D1CE-9358-4B96-AC15-E9758D78E5ED} = {8B78C675-17ED-43E6-AD5D-930C917FC373}
		{5B3706A8-264F-4405-9774-8AFEA3D5AB8B} = {E6A5401F-C0EA-4AB4-9A19-97D6EB5F265C}
		{181910C8-1BA8-42E0-A1FF-98C58A1F2DD2} = {E6A5401F-C0EA-4AB4-9A19-97D6EB5F265C}
		{9D46D544-2C9C-4878-9837-C5B3B71F4BD9} = {E6A5401F-C0EA-4AB4-9A19-97D6EB5F265C}
		{2E2EFC1C-36C1-49F3-B964-295441B72E27} = {3D6557F4-1195-441E-8DA1-FB0E8AB78C24}
		{F8B84744-CD2B-4878-A827-8D31E9899B78} = {3D6557F4-1195-441E-8DA1-FB0E8AB78C24}
		{F94BEDA6-74A4-47C0-8E69-B27F694FFE6D} = {3D6557F4-1195-441E-8DA1-FB0E8AB78C24}
		{40A7A04A-634F-479A-9F3C-3A19FE9DC6FC} = {FD682BA7-99AD-4887-BB0E-A3791A3DFE4B}
		{7320592D-CAE4-425C-9098-B01DAB4CA82F} = {FD682BA7-99AD-4887-BB0E-A3791A3DFE4B}
		{9EEBCBC7-796C-44F1-B1A0-7C9BBDFFC4E5} = {FD682BA7-99AD-4887-BB0E-A3791A3DFE4B}
		{3C28C893-D015-48F5-86E6-2120DFB61531} = {96E10CBC-FD9F-4CC4-A86D-DC6542251664}
		{2B057596-07A4-4EC7-B1E6-96D63B1577F3} = {96E10CBC-FD9F-4CC4-A86D-DC6542251664}
		{5F206269-6A31-414A-93B5-964D84653513} = {96E10CBC-FD9F-4CC4-A86D-DC6542251664}
	EndGlobalSection
	GlobalSection(ExtensibilityGlobals) = postSolution
		SolutionGuid = {CD6B5FF4-A311-4007-8791-91CB240980D6}
	EndGlobalSection
EndGlobal
